<Solution>
  <Folder Name="/solution items/">
    <File Path="AGENTS.md" />
    <File Path="CHANGELOG.md" />
    <File Path="Directory.Build.props" />
    <File Path="Directory.Packages.props" />
    <File Path="README.md" />
    <File Path="global.json" />
    <File Path="nuget.config" />
  </Folder>
  <Folder Name="/build/">
    <!-- Build="false": the Fallout orchestrator is already running out of build/bin when
         Compile builds the solution, so building it again would fail to overwrite the locked
         _build.exe. Same shape as Fallout's own fallout.slnx. -->
    <Project Path="build/_build.csproj">
      <Configuration Solution="Debug|Any CPU" Project="Debug|Any CPU|NoBuild" />
      <Configuration Solution="Release|Any CPU" Project="Debug|Any CPU|NoBuild" />
      <Build Project="false" />
    </Project>
  </Folder>
  <Folder Name="/src/">
    <Project Path="src/SonarQube.Mcp/SonarQube.Mcp.csproj" />
  </Folder>
  <Folder Name="/tests/">
    <Project Path="tests/SonarQube.Mcp.Tests/SonarQube.Mcp.Tests.csproj" />
  </Folder>
</Solution>
